// !$*UTF8*$!
{
	archiveVersion = 1;
	classes = {
	};
	objectVersion = 46;
	objects = {

/* Begin PBXBuildFile section */
		22EA83A21B8CAD5700AB6641 /* AppDelegate.swift in Sources */ = {isa = PBXBuildFile; fileRef = 22EA83A11B8CAD5700AB6641 /* AppDelegate.swift */; };
		22EA83A41B8CAD5700AB6641 /* MasterViewController.swift in Sources */ = {isa = PBXBuildFile; fileRef = 22EA83A31B8CAD5700AB6641 /* MasterViewController.swift */; };
		22EA83A61B8CAD5700AB6641 /* DetailViewController.swift in Sources */ = {isa = PBXBuildFile; fileRef = 22EA83A51B8CAD5700AB6641 /* DetailViewController.swift */; };
		22EA83A91B8CAD5700AB6641 /* Main.storyboard in Resources */ = {isa = PBXBuildFile; fileRef = 22EA83A71B8CAD5700AB6641 /* Main.storyboard */; };
		22EA83AB1B8CAD5700AB6641 /* Images.xcassets in Resources */ = {isa = PBXBuildFile; fileRef = 22EA83AA1B8CAD5700AB6641 /* Images.xcassets */; };
		22EA83AE1B8CAD5700AB6641 /* LaunchScreen.xib in Resources */ = {isa = PBXBuildFile; fileRef = 22EA83AC1B8CAD5700AB6641 /* LaunchScreen.xib */; };
		22EA83BA1B8CAD5700AB6641 /* ClipUpTests.swift in Sources */ = {isa = PBXBuildFile; fileRef = 22EA83B91B8CAD5700AB6641 /* ClipUpTests.swift */; };
/* End PBXBuildFile section */

/* Begin PBXContainerItemProxy section */
		22EA83B41B8CAD5700AB6641 /* PBXContainerItemProxy */ = {
			isa = PBXContainerItemProxy;
			containerPortal = 22EA83941B8CAD5600AB6641 /* Project object */;
			proxyType = 1;
			remoteGlobalIDString = 22EA839B1B8CAD5600AB6641;
			remoteInfo = ClipUp;
		};
/* End PBXContainerItemProxy section */

/* Begin PBXFileReference section */
		22EA839C1B8CAD5700AB6641 /* ClipUp.app */ = {isa = PBXFileReference; explicitFileType = wrapper.application; includeInIndex = 0; path = ClipUp.app; sourceTree = BUILT_PRODUCTS_DIR; };
		22EA83A01B8CAD5700AB6641 /* Info.plist */ = {isa = PBXFileReference; lastKnownFileType = text.plist.xml; path = Info.plist; sourceTree = "<group>"; };
		22EA83A11B8CAD5700AB6641 /* AppDelegate.swift */ = {isa = PBXFileReference; lastKnownFileType = sourcecode.swift; path = AppDelegate.swift; sourceTree = "<group>"; };
		22EA83A31B8CAD5700AB6641 /* MasterViewController.swift */ = {isa = PBXFileReference; lastKnownFileType = sourcecode.swift; path = MasterViewController.swift; sourceTree = "<group>"; };
		22EA83A51B8CAD5700AB6641 /* DetailViewController.swift */ = {isa = PBXFileReference; lastKnownFileType = sourcecode.swift; path = DetailViewController.swift; sourceTree = "<group>"; };
		22EA83A81B8CAD5700AB6641 /* Base */ = {isa = PBXFileReference; lastKnownFileType = file.storyboard; name = Base; path = Base.lproj/Main.storyboard; sourceTree = "<group>"; };
		22EA83AA1B8CAD5700AB6641 /* Images.xcassets */ = {isa = PBXFileReference; lastKnownFileType = folder.assetcatalog; path = Images.xcassets; sourceTree = "<group>"; };
		22EA83AD1B8CAD5700AB6641 /* Base */ = {isa = PBXFileReference; lastKnownFileType = file.xib; name = Base; path = Base.lproj/LaunchScreen.xib; sourceTree = "<group>"; };
		22EA83B31B8CAD5700AB6641 /* ClipUpTests.xctest */ = {isa = PBXFileReference; explicitFileType = wrapper.cfbundle; includeInIndex = 0; path = ClipUpTests.xctest; sourceTree = BUILT_PRODUCTS_DIR; };
		22EA83B81B8CAD5700AB6641 /* Info.plist */ = {isa = PBXFileReference; lastKnownFileType = text.plist.xml; path = Info.plist; sourceTree = "<group>"; };
		22EA83B91B8CAD5700AB6641 /* ClipUpTests.swift */ = {isa = PBXFileReference; lastKnownFileType = sourcecode.swift; path = ClipUpTests.swift; sourceTree = "<group>"; };
/* End PBXFileReference section */

/* Begin PBXFrameworksBuildPhase section */
		22EA83991B8CAD5600AB6641 /* Frameworks */ = {
			isa = PBXFrameworksBuildPhase;
			buildActionMask = 2147483647;
			files = (
			);
			runOnlyForDeploymentPostprocessing = 0;
		};
		22EA83B01B8CAD5700AB6641 /* Frameworks */ = {
			isa = PBXFrameworksBuildPhase;
			buildActionMask = 2147483647;
			files = (
			);
			runOnlyForDeploymentPostprocessing = 0;
		};
/* End PBXFrameworksBuildPhase section */

/* Begin PBXGroup section */
		22EA83931B8CAD5600AB6641 = {
			isa = PBXGroup;
			children = (
				22EA839E1B8CAD5700AB6641 /* ClipUp */,
				22EA83B61B8CAD5700AB6641 /* ClipUpTests */,
				22EA839D1B8CAD5700AB6641 /* Products */,
			);
			sourceTree = "<group>";
		};
		22EA839D1B8CAD5700AB6641 /* Products */ = {
			isa = PBXGroup;
			children = (
				22EA839C1B8CAD5700AB6641 /* ClipUp.app */,
				22EA83B31B8CAD5700AB6641 /* ClipUpTests.xctest */,
			);
			name = Products;
			sourceTree = "<group>";
		};
		22EA839E1B8CAD5700AB6641 /* ClipUp */ = {
			isa = PBXGroup;
			children = (
				22EA83A11B8CAD5700AB6641 /* AppDelegate.swift */,
				22EA83A31B8CAD5700AB6641 /* MasterViewController.swift */,
				22EA83A51B8CAD5700AB6641 /* DetailViewController.swift */,
				22EA83A71B8CAD5700AB6641 /* Main.storyboard */,
				22EA83AA1B8CAD5700AB6641 /* Images.xcassets */,
				22EA83AC1B8CAD5700AB6641 /* LaunchScreen.xib */,
				22EA839F1B8CAD5700AB6641 /* Supporting Files */,
			);
			path = ClipUp;
			sourceTree = "<group>";
		};
		22EA839F1B8CAD5700AB6641 /* Supporting Files */ = {
			isa = PBXGroup;
			children = (
				22EA83A01B8CAD5700AB6641 /* Info.plist */,
			);
			name = "Supporting Files";
			sourceTree = "<group>";
		};
		22EA83B61B8CAD5700AB6641 /* ClipUpTests */ = {
			isa = PBXGroup;
			children = (
				22EA83B91B8CAD5700AB6641 /* ClipUpTests.swift */,
				22EA83B71B8CAD5700AB6641 /* Supporting Files */,
			);
			path = ClipUpTests;
			sourceTree = "<group>";
		};
		22EA83B71B8CAD5700AB6641 /* Supporting Files */ = {
			isa = PBXGroup;
			children = (
				22EA83B81B8CAD5700AB6641 /* Info.plist */,
			);
			name = "Supporting Files";
			sourceTree = "<group>";
		};
/* End PBXGroup section */

/* Begin PBXNativeTarget section */
		22EA839B1B8CAD5600AB6641 /* ClipUp */ = {
			isa = PBXNativeTarget;
			buildConfigurationList = 22EA83BD1B8CAD5700AB6641 /* Build configuration list for PBXNativeTarget "ClipUp" */;
			buildPhases = (
				22EA83981B8CAD5600AB6641 /* Sources */,
				22EA83991B8CAD5600AB6641 /* Frameworks */,
				22EA839A1B8CAD5600AB6641 /* Resources */,
			);
			buildRules = (
			);
			dependencies = (
			);
			name = ClipUp;
			productName = ClipUp;
			productReference = 22EA839C1B8CAD5700AB6641 /* ClipUp.app */;
			productType = "com.apple.product-type.application";
		};
		22EA83B21B8CAD5700AB6641 /* ClipUpTests */ = {
			isa = PBXNativeTarget;
			buildConfigurationList = 22EA83C01B8CAD5700AB6641 /* Build configuration list for PBXNativeTarget "ClipUpTests" */;
			buildPhases = (
				22EA83AF1B8CAD5700AB6641 /* Sources */,
				22EA83B01B8CAD5700AB6641 /* Frameworks */,
				22EA83B11B8CAD5700AB6641 /* Resources */,
			);
			buildRules = (
			);
			dependencies = (
				22EA83B51B8CAD5700AB6641 /* PBXTargetDependency */,
			);
			name = ClipUpTests;
			productName = ClipUpTests;
			productReference = 22EA83B31B8CAD5700AB6641 /* ClipUpTests.xctest */;
			productType = "com.apple.product-type.bundle.unit-test";
		};
/* End PBXNativeTarget section */

/* Begin PBXProject section */
		22EA83941B8CAD5600AB6641 /* Project object */ = {
			isa = PBXProject;
			attributes = {
				LastUpgradeCheck = 0640;
				ORGANIZATIONNAME = "Randhir Singh";
				TargetAttributes = {
					22EA839B1B8CAD5600AB6641 = {
						CreatedOnToolsVersion = 6.4;
					};
					22EA83B21B8CAD5700AB6641 = {
						CreatedOnToolsVersion = 6.4;
						TestTargetID = 22EA839B1B8CAD5600AB6641;
					};
				};
			};
			buildConfigurationList = 22EA83971B8CAD5600AB6641 /* Build configuration list for PBXProject "ClipUp" */;
			compatibilityVersion = "Xcode 3.2";
			developmentRegion = English;
			hasScannedForEncodings = 0;
			knownRegions = (
				en,
				Base,
			);
			mainGroup = 22EA83931B8CAD5600AB6641;
			productRefGroup = 22EA839D1B8CAD5700AB6641 /* Products */;
			projectDirPath = "";
			projectRoot = "";
			targets = (
				22EA839B1B8CAD5600AB6641 /* ClipUp */,
				22EA83B21B8CAD5700AB6641 /* ClipUpTests */,
			);
		};
/* End PBXProject section */

/* Begin PBXResourcesBuildPhase section */
		22EA839A1B8CAD5600AB6641 /* Resources */ = {
			isa = PBXResourcesBuildPhase;
			buildActionMask = 2147483647;
			files = (
				22EA83A91B8CAD5700AB6641 /* Main.storyboard in Resources */,
				22EA83AE1B8CAD5700AB6641 /* LaunchScreen.xib in Resources */,
				22EA83AB1B8CAD5700AB6641 /* Images.xcassets in Resources */,
			);
			runOnlyForDeploymentPostprocessing = 0;
		};
		22EA83B11B8CAD5700AB6641 /* Resources */ = {
			isa = PBXResourcesBuildPhase;
			buildActionMask = 2147483647;
			files = (
			);
			runOnlyForDeploymentPostprocessing = 0;
		};
/* End PBXResourcesBuildPhase section */

/* Begin PBXSourcesBuildPhase section */
		22EA83981B8CAD5600AB6641 /* Sources */ = {
			isa = PBXSourcesBuildPhase;
			buildActionMask = 2147483647;
			files = (
				22EA83A61B8CAD5700AB6641 /* DetailViewController.swift in Sources */,
				22EA83A41B8CAD5700AB6641 /* MasterViewController.swift in Sources */,
				22EA83A21B8CAD5700AB6641 /* AppDelegate.swift in Sources */,
			);
			runOnlyForDeploymentPostprocessing = 0;
		};
		22EA83AF1B8CAD5700AB6641 /* Sources */ = {
			isa = PBXSourcesBuildPhase;
			buildActionMask = 2147483647;
			files = (
				22EA83BA1B8CAD5700AB6641 /* ClipUpTests.swift in Sources */,
			);
			runOnlyForDeploymentPostprocessing = 0;
		};
/* End PBXSourcesBuildPhase section */

/* Begin PBXTargetDependency section */
		22EA83B51B8CAD5700AB6641 /* PBXTargetDependency */ = {
			isa = PBXTargetDependency;
			target = 22EA839B1B8CAD5600AB6641 /* ClipUp */;
			targetProxy = 22EA83B41B8CAD5700AB6641 /* PBXContainerItemProxy */;
		};
/* End PBXTargetDependency section */

/* Begin PBXVariantGroup section */
		22EA83A71B8CAD5700AB6641 /* Main.storyboard */ = {
			isa = PBXVariantGroup;
			children = (
				22EA83A81B8CAD5700AB6641 /* Base */,
			);
			name = Main.storyboard;
			sourceTree = "<group>";
		};
		22EA83AC1B8CAD5700AB6641 /* LaunchScreen.xib */ = {
			isa = PBXVariantGroup;
			children = (
				22EA83AD1B8CAD5700AB6641 /* Base */,
			);
			name = LaunchScreen.xib;
			sourceTree = "<group>";
		};
/* End PBXVariantGroup section */

/* Begin XCBuildConfiguration section */
		22EA83BB1B8CAD5700AB6641 /* Debug */ = {
			isa = XCBuildConfiguration;
			buildSettings = {
				ALWAYS_SEARCH_USER_PATHS = NO;
				CLANG_CXX_LANGUAGE_STANDARD = "gnu++0x";
				CLANG_CXX_LIBRARY = "libc++";
				CLANG_ENABLE_MODULES = YES;
				CLANG_ENABLE_OBJC_ARC = YES;
				CLANG_WARN_BOOL_CONVERSION = YES;
				CLANG_WARN_CONSTANT_CONVERSION = YES;
				CLANG_WARN_DIRECT_OBJC_ISA_USAGE = YES_ERROR;
				CLANG_WARN_EMPTY_BODY = YES;
				CLANG_WARN_ENUM_CONVERSION = YES;
				CLANG_WARN_INT_CONVERSION = YES;
				CLANG_WARN_OBJC_ROOT_CLASS = YES_ERROR;
				CLANG_WARN_UNREACHABLE_CODE = YES;
				CLANG_WARN__DUPLICATE_METHOD_MATCH = YES;
				"CODE_SIGN_IDENTITY[sdk=iphoneos*]" = "iPhone Developer";
				COPY_PHASE_STRIP = NO;
				DEBUG_INFORMATION_FORMAT = "dwarf-with-dsym";
				ENABLE_STRICT_OBJC_MSGSEND = YES;
				GCC_C_LANGUAGE_STANDARD = gnu99;
				GCC_DYNAMIC_NO_PIC = NO;
				GCC_NO_COMMON_BLOCKS = YES;
				GCC_OPTIMIZATION_LEVEL = 0;
				GCC_PREPROCESSOR_DEFINITIONS = (
					"DEBUG=1",
					"$(inherited)",
				);
				GCC_SYMBOLS_PRIVATE_EXTERN = NO;
				GCC_WARN_64_TO_32_BIT_CONVERSION = YES;
				GCC_WARN_ABOUT_RETURN_TYPE = YES_ERROR;
				GCC_WARN_UNDECLARED_SELECTOR = YES;
				GCC_WARN_UNINITIALIZED_AUTOS = YES_AGGRESSIVE;
				GCC_WARN_UNUSED_FUNCTION = YES;
				GCC_WARN_UNUSED_VARIABLE = YES;
				IPHONEOS_DEPLOYMENT_TARGET = 8.4;
				MTL_ENABLE_DEBUG_INFO = YES;
				ONLY_ACTIVE_ARCH = YES;
				SDKROOT = iphoneos;
				SWIFT_OPTIMIZATION_LEVEL = "-Onone";
				TARGETED_DEVICE_FAMILY = "1,2";
			};
			name = Debug;
		};
		22EA83BC1B8CAD5700AB6641 /* Release */ = {
			isa = XCBuildConfiguration;
			buildSettings = {
				ALWAYS_SEARCH_USER_PATHS = NO;
				CLANG_CXX_LANGUAGE_STANDARD = "gnu++0x";
				CLANG_CXX_LIBRARY = "libc++";
				CLANG_ENABLE_MODULES = YES;
				CLANG_ENABLE_OBJC_ARC = YES;
				CLANG_WARN_BOOL_CONVERSION = YES;
				CLANG_WARN_CONSTANT_CONVERSION = YES;
				CLANG_WARN_DIRECT_OBJC_ISA_USAGE = YES_ERROR;
				CLANG_WARN_EMPTY_BODY = YES;
				CLANG_WARN_ENUM_CONVERSION = YES;
				CLANG_WARN_INT_CONVERSION = YES;
				CLANG_WARN_OBJC_ROOT_CLASS = YES_ERROR;
				CLANG_WARN_UNREACHABLE_CODE = YES;
				CLANG_WARN__DUPLICATE_METHOD_MATCH = YES;
				"CODE_SIGN_IDENTITY[sdk=iphoneos*]" = "iPhone Developer";
				COPY_PHASE_STRIP = NO;
				DEBUG_INFORMATION_FORMAT = "dwarf-with-dsym";
				ENABLE_NS_ASSERTIONS = NO;
				ENABLE_STRICT_OBJC_MSGSEND = YES;
				GCC_C_LANGUAGE_STANDARD = gnu99;
				GCC_NO_COMMON_BLOCKS = YES;
				GCC_WARN_64_TO_32_BIT_CONVERSION = YES;
				GCC_WARN_ABOUT_RETURN_TYPE = YES_ERROR;
				GCC_WARN_UNDECLARED_SELECTOR = YES;
				GCC_WARN_UNINITIALIZED_AUTOS = YES_AGGRESSIVE;
				GCC_WARN_UNUSED_FUNCTION = YES;
				GCC_WARN_UNUSED_VARIABLE = YES;
				IPHONEOS_DEPLOYMENT_TARGET = 8.4;
				MTL_ENABLE_DEBUG_INFO = NO;
				SDKROOT = iphoneos;
				TARGETED_DEVICE_FAMILY = "1,2";
				VALIDATE_PRODUCT = YES;
			};
			name = Release;
		};
		22EA83BE1B8CAD5700AB6641 /* Debug */ = {
			isa = XCBuildConfiguration;
			buildSettings = {
				ASSETCATALOG_COMPILER_APPICON_NAME = AppIcon;
				INFOPLIST_FILE = ClipUp/Info.plist;
				LD_RUNPATH_SEARCH_PATHS = "$(inherited) @executable_path/Frameworks";
				PRODUCT_NAME = "$(TARGET_NAME)";
			};
			name = Debug;
		};
		22EA83BF1B8CAD5700AB6641 /* Release */ = {
			isa = XCBuildConfiguration;
			buildSettings = {
				ASSETCATALOG_COMPILER_APPICON_NAME = AppIcon;
				INFOPLIST_FILE = ClipUp/Info.plist;
				LD_RUNPATH_SEARCH_PATHS = "$(inherited) @executable_path/Frameworks";
				PRODUCT_NAME = "$(TARGET_NAME)";
			};
			name = Release;
		};
		22EA83C11B8CAD5700AB6641 /* Debug */ = {
			isa = XCBuildConfiguration;
			buildSettings = {
				BUNDLE_LOADER = "$(TEST_HOST)";
				FRAMEWORK_SEARCH_PATHS = (
					"$(SDKROOT)/Developer/Library/Frameworks",
					"$(inherited)",
				);
				GCC_PREPROCESSOR_DEFINITIONS = (
					"DEBUG=1",
					"$(inherited)",
				);
				INFOPLIST_FILE = ClipUpTests/Info.plist;
				LD_RUNPATH_SEARCH_PATHS = "$(inherited) @executable_path/Frameworks @loader_path/Frameworks";
				PRODUCT_NAME = "$(TARGET_NAME)";
				TEST_HOST = "$(BUILT_PRODUCTS_DIR)/ClipUp.app/ClipUp";
			};
			name = Debug;
		};
		22EA83C21B8CAD5700AB6641 /* Release */ = {
			isa = XCBuildConfiguration;
			buildSettings = {
				BUNDLE_LOADER = "$(TEST_HOST)";
				FRAMEWORK_SEARCH_PATHS = (
					"$(SDKROOT)/Developer/Library/Frameworks",
					"$(inherited)",
				);
				INFOPLIST_FILE = ClipUpTests/Info.plist;
				LD_RUNPATH_SEARCH_PATHS = "$(inherited) @executable_path/Frameworks @loader_path/Frameworks";
				PRODUCT_NAME = "$(TARGET_NAME)";
				TEST_HOST = "$(BUILT_PRODUCTS_DIR)/ClipUp.app/ClipUp";
			};
			name = Release;
		};
/* End XCBuildConfiguration section */

/* Begin XCConfigurationList section */
		22EA83971B8CAD5600AB6641 /* Build configuration list for PBXProject "ClipUp" */ = {
			isa = XCConfigurationList;
			buildConfigurations = (
				22EA83BB1B8CAD5700AB6641 /* Debug */,
				22EA83BC1B8CAD5700AB6641 /* Release */,
			);
			defaultConfigurationIsVisible = 0;
			defaultConfigurationName = Release;
		};
		22EA83BD1B8CAD5700AB6641 /* Build configuration list for PBXNativeTarget "ClipUp" */ = {
			isa = XCConfigurationList;
			buildConfigurations = (
				22EA83BE1B8CAD5700AB6641 /* Debug */,
				22EA83BF1B8CAD5700AB6641 /* Release */,
			);
			defaultConfigurationIsVisible = 0;
		};
		22EA83C01B8CAD5700AB6641 /* Build configuration list for PBXNativeTarget "ClipUpTests" */ = {
			isa = XCConfigurationList;
			buildConfigurations = (
				22EA83C11B8CAD5700AB6641 /* Debug */,
				22EA83C21B8CAD5700AB6641 /* Release */,
			);
			defaultConfigurationIsVisible = 0;
		};
/* End XCConfigurationList section */
	};
	rootObject = 22EA83941B8CAD5600AB6641 /* Project object */;
}
